
Microsoft Visual Studio Solution File, Format Version 12.00
# Visual Studio Version 17
VisualStudioVersion = 17.13.35828.75
MinimumVisualStudioVersion = 10.0.40219.1
Project("{FAE04EC0-301F-11D3-BF4B-00C04F79EFBC}") = "adsk.ts.pdf.create.slddrw", "adsk.ts.pdf.create.slddrw\adsk.ts.pdf.create.slddrw.csproj", "{8BE623D4-CC6E-4F68-ADA6-E307EE73B80F}"
	ProjectSection(ProjectDependencies) = postProject
		{C0CC289B-C400-45D7-9E56-CA1FC935163C} = {C0CC289B-C400-45D7-9E56-CA1FC935163C}
	EndProjectSection
EndProject
Project("{FAE04EC0-301F-11D3-BF4B-00C04F79EFBC}") = "adsk.ts.image.create.inventor", "adsk.ts.image.create.inventor\adsk.ts.image.create.inventor.csproj", "{A0574014-3E9A-4276-8DD8-2D54777A68D6}"
	ProjectSection(ProjectDependencies) = postProject
		{C0CC289B-C400-45D7-9E56-CA1FC935163C} = {C0CC289B-C400-45D7-9E56-CA1FC935163C}
	EndProjectSection
EndProject
Project("{FAE04EC0-301F-11D3-BF4B-00C04F79EFBC}") = "adsk.ts.rvt.create.inventor", "adsk.ts.rvt.create.inventor\adsk.ts.rvt.create.inventor.csproj", "{5F980C92-E275-4D61-A80A-3D733C401818}"
	ProjectSection(ProjectDependencies) = postProject
		{C0CC289B-C400-45D7-9E56-CA1FC935163C} = {C0CC289B-C400-45D7-9E56-CA1FC935163C}
	EndProjectSection
EndProject
Project("{FAE04EC0-301F-11D3-BF4B-00C04F79EFBC}") = "adsk.ts.acad.dwg2d.create.inventor", "adsk.ts.acad.dwg2d.create.inventor\adsk.ts.acad.dwg2d.create.inventor.csproj", "{3027EBD7-5776-4E1C-853D-54E0A1587534}"
	ProjectSection(ProjectDependencies) = postProject
		{C0CC289B-C400-45D7-9E56-CA1FC935163C} = {C0CC289B-C400-45D7-9E56-CA1FC935163C}
	EndProjectSection
EndProject
Project("{FAE04EC0-301F-11D3-BF4B-00C04F79EFBC}") = "adsk.ts.nwd.create.navisworks", "adsk.ts.nwd.create.navisworks\adsk.ts.nwd.create.navisworks.csproj", "{8A697468-FED8-4719-A575-71225085EFAF}"
EndProject
Project("{FAE04EC0-301F-11D3-BF4B-00C04F79EFBC}") = "adsk.ts.job.shared", "adsk.ts.job.shared\adsk.ts.job.shared.csproj", "{C0CC289B-C400-45D7-9E56-CA1FC935163C}"
EndProject
Project("{FAE04EC0-301F-11D3-BF4B-00C04F79EFBC}") = "adsk.ts.export3d.create.inventor", "adsk.ts.export3d.create.inventor\adsk.ts.export3d.create.inventor.csproj", "{952D1405-BBD5-452C-9D85-E64CAB7BB48E}"
	ProjectSection(ProjectDependencies) = postProject
		{C0CC289B-C400-45D7-9E56-CA1FC935163C} = {C0CC289B-C400-45D7-9E56-CA1FC935163C}
	EndProjectSection
EndProject
Project("{2150E333-8FDC-42A3-9474-1A3956D46DE8}") = "SDK References", "SDK References", "{02EA681E-C7D8-13C7-8484-4AC65E1B71E8}"
	ProjectSection(SolutionItems) = preProject
		SDK References\Autodesk.Connectivity.Explorer.Extensibility.dll = SDK References\Autodesk.Connectivity.Explorer.Extensibility.dll
		SDK References\Autodesk.Connectivity.Explorer.Extensibility.XML = SDK References\Autodesk.Connectivity.Explorer.Extensibility.XML
		SDK References\Autodesk.Connectivity.Explorer.ExtensibilityTools.dll = SDK References\Autodesk.Connectivity.Explorer.ExtensibilityTools.dll
		SDK References\Autodesk.Connectivity.Explorer.ExtensibilityTools.XML = SDK References\Autodesk.Connectivity.Explorer.ExtensibilityTools.XML
		SDK References\Autodesk.Connectivity.Extensibility.Framework.dll = SDK References\Autodesk.Connectivity.Extensibility.Framework.dll
		SDK References\Autodesk.Connectivity.Extensibility.Framework.XML = SDK References\Autodesk.Connectivity.Extensibility.Framework.XML
		SDK References\Autodesk.Connectivity.IDServicesWrapper.dll = SDK References\Autodesk.Connectivity.IDServicesWrapper.dll
		SDK References\Autodesk.Connectivity.JobProcessor.Extensibility.dll = SDK References\Autodesk.Connectivity.JobProcessor.Extensibility.dll
		SDK References\Autodesk.Connectivity.JobProcessor.Extensibility.XML = SDK References\Autodesk.Connectivity.JobProcessor.Extensibility.XML
		SDK References\Autodesk.Connectivity.LicenseWrapper.dll = SDK References\Autodesk.Connectivity.LicenseWrapper.dll
		SDK References\Autodesk.Connectivity.WebServices.dll = SDK References\Autodesk.Connectivity.WebServices.dll
		SDK References\Autodesk.Connectivity.WebServices.WCF.dll = SDK References\Autodesk.Connectivity.WebServices.WCF.dll
		SDK References\Autodesk.Connectivity.WebServices.XML = SDK References\Autodesk.Connectivity.WebServices.XML
		SDK References\Autodesk.DataManagement.Client.Framework.dll = SDK References\Autodesk.DataManagement.Client.Framework.dll
		SDK References\Autodesk.DataManagement.Client.Framework.Forms.dll = SDK References\Autodesk.DataManagement.Client.Framework.Forms.dll
		SDK References\Autodesk.DataManagement.Client.Framework.Forms.xml = SDK References\Autodesk.DataManagement.Client.Framework.Forms.xml
		SDK References\Autodesk.DataManagement.Client.Framework.Vault.dll = SDK References\Autodesk.DataManagement.Client.Framework.Vault.dll
		SDK References\Autodesk.DataManagement.Client.Framework.Vault.Forms.dll = SDK References\Autodesk.DataManagement.Client.Framework.Vault.Forms.dll
		SDK References\Autodesk.DataManagement.Client.Framework.Vault.Forms.xml = SDK References\Autodesk.DataManagement.Client.Framework.Vault.Forms.xml
		SDK References\Autodesk.DataManagement.Client.Framework.Vault.xml = SDK References\Autodesk.DataManagement.Client.Framework.Vault.xml
		SDK References\Autodesk.DataManagement.Client.Framework.xml = SDK References\Autodesk.DataManagement.Client.Framework.xml
		SDK References\Autodesk.Inventor.Interop.dll = SDK References\Autodesk.Inventor.Interop.dll
		SDK References\Autodesk.Inventor.Interop.xml = SDK References\Autodesk.Inventor.Interop.xml
		SDK References\Autodesk.Navisworks.Api.dll = SDK References\Autodesk.Navisworks.Api.dll
		SDK References\Autodesk.Navisworks.Api.xml = SDK References\Autodesk.Navisworks.Api.xml
		SDK References\Autodesk.Navisworks.Automation.dll = SDK References\Autodesk.Navisworks.Automation.dll
		SDK References\Autodesk.Navisworks.Automation.xml = SDK References\Autodesk.Navisworks.Automation.xml
		SDK References\Autodesk.Navisworks.Controls.dll = SDK References\Autodesk.Navisworks.Controls.dll
		SDK References\Autodesk.Navisworks.Controls.xml = SDK References\Autodesk.Navisworks.Controls.xml
		SDK References\Autodesk.Navisworks.Resolver.dll = SDK References\Autodesk.Navisworks.Resolver.dll
		SDK References\Autodesk.Navisworks.Resolver.xml = SDK References\Autodesk.Navisworks.Resolver.xml
		SDK References\SolidWorks.Interop.sldworks.dll = SDK References\SolidWorks.Interop.sldworks.dll
		SDK References\SolidWorks.Interop.swconst.dll = SDK References\SolidWorks.Interop.swconst.dll
	EndProjectSection
EndProject
Project("{FAE04EC0-301F-11D3-BF4B-00C04F79EFBC}") = "adsk.ts.job.collection.admin", "adsk.ts.job.collection.admin\adsk.ts.job.collection.admin.csproj", "{F16A1E33-5EA8-43B5-B7BE-89957A78F2E3}"
EndProject
Project("{FAE04EC0-301F-11D3-BF4B-00C04F79EFBC}") = "adsk.ts.job.collection.user", "adsk.ts.job.collection.user\adsk.ts.job.collection.user.csproj", "{9FB8444A-8C42-4E63-A0E7-C77CA4E902E4}"
EndProject
Global
	GlobalSection(SolutionConfigurationPlatforms) = preSolution
		Debug|Any CPU = Debug|Any CPU
		Debug|x64 = Debug|x64
		Release|Any CPU = Release|Any CPU
		Release|x64 = Release|x64
	EndGlobalSection
	GlobalSection(ProjectConfigurationPlatforms) = postSolution
		{8BE623D4-CC6E-4F68-ADA6-E307EE73B80F}.Debug|Any CPU.ActiveCfg = Debug|Any CPU
		{8BE623D4-CC6E-4F68-ADA6-E307EE73B80F}.Debug|Any CPU.Build.0 = Debug|Any CPU
		{8BE623D4-CC6E-4F68-ADA6-E307EE73B80F}.Debug|x64.ActiveCfg = Debug|x64
		{8BE623D4-CC6E-4F68-ADA6-E307EE73B80F}.Debug|x64.Build.0 = Debug|x64
		{8BE623D4-CC6E-4F68-ADA6-E307EE73B80F}.Release|Any CPU.ActiveCfg = Release|Any CPU
		{8BE623D4-CC6E-4F68-ADA6-E307EE73B80F}.Release|Any CPU.Build.0 = Release|Any CPU
		{8BE623D4-CC6E-4F68-ADA6-E307EE73B80F}.Release|x64.ActiveCfg = Release|x64
		{8BE623D4-CC6E-4F68-ADA6-E307EE73B80F}.Release|x64.Build.0 = Release|x64
		{A0574014-3E9A-4276-8DD8-2D54777A68D6}.Debug|Any CPU.ActiveCfg = Debug|Any CPU
		{A0574014-3E9A-4276-8DD8-2D54777A68D6}.Debug|Any CPU.Build.0 = Debug|Any CPU
		{A0574014-3E9A-4276-8DD8-2D54777A68D6}.Debug|x64.ActiveCfg = Debug|x64
		{A0574014-3E9A-4276-8DD8-2D54777A68D6}.Debug|x64.Build.0 = Debug|x64
		{A0574014-3E9A-4276-8DD8-2D54777A68D6}.Release|Any CPU.ActiveCfg = Release|Any CPU
		{A0574014-3E9A-4276-8DD8-2D54777A68D6}.Release|Any CPU.Build.0 = Release|Any CPU
		{A0574014-3E9A-4276-8DD8-2D54777A68D6}.Release|x64.ActiveCfg = Release|x64
		{A0574014-3E9A-4276-8DD8-2D54777A68D6}.Release|x64.Build.0 = Release|x64
		{5F980C92-E275-4D61-A80A-3D733C401818}.Debug|Any CPU.ActiveCfg = Debug|Any CPU
		{5F980C92-E275-4D61-A80A-3D733C401818}.Debug|Any CPU.Build.0 = Debug|Any CPU
		{5F980C92-E275-4D61-A80A-3D733C401818}.Debug|x64.ActiveCfg = Debug|x64
		{5F980C92-E275-4D61-A80A-3D733C401818}.Debug|x64.Build.0 = Debug|x64
		{5F980C92-E275-4D61-A80A-3D733C401818}.Release|Any CPU.ActiveCfg = Release|Any CPU
		{5F980C92-E275-4D61-A80A-3D733C401818}.Release|Any CPU.Build.0 = Release|Any CPU
		{5F980C92-E275-4D61-A80A-3D733C401818}.Release|x64.ActiveCfg = Release|x64
		{5F980C92-E275-4D61-A80A-3D733C401818}.Release|x64.Build.0 = Release|x64
		{3027EBD7-5776-4E1C-853D-54E0A1587534}.Debug|Any CPU.ActiveCfg = Debug|Any CPU
		{3027EBD7-5776-4E1C-853D-54E0A1587534}.Debug|Any CPU.Build.0 = Debug|Any CPU
		{3027EBD7-5776-4E1C-853D-54E0A1587534}.Debug|x64.ActiveCfg = Debug|x64
		{3027EBD7-5776-4E1C-853D-54E0A1587534}.Debug|x64.Build.0 = Debug|x64
		{3027EBD7-5776-4E1C-853D-54E0A1587534}.Release|Any CPU.ActiveCfg = Release|Any CPU
		{3027EBD7-5776-4E1C-853D-54E0A1587534}.Release|Any CPU.Build.0 = Release|Any CPU
		{3027EBD7-5776-4E1C-853D-54E0A1587534}.Release|x64.ActiveCfg = Release|x64
		{3027EBD7-5776-4E1C-853D-54E0A1587534}.Release|x64.Build.0 = Release|x64
		{8A697468-FED8-4719-A575-71225085EFAF}.Debug|Any CPU.ActiveCfg = Debug|Any CPU
		{8A697468-FED8-4719-A575-71225085EFAF}.Debug|Any CPU.Build.0 = Debug|Any CPU
		{8A697468-FED8-4719-A575-71225085EFAF}.Debug|x64.ActiveCfg = Debug|x64
		{8A697468-FED8-4719-A575-71225085EFAF}.Debug|x64.Build.0 = Debug|x64
		{8A697468-FED8-4719-A575-71225085EFAF}.Release|Any CPU.ActiveCfg = Release|Any CPU
		{8A697468-FED8-4719-A575-71225085EFAF}.Release|Any CPU.Build.0 = Release|Any CPU
		{8A697468-FED8-4719-A575-71225085EFAF}.Release|x64.ActiveCfg = Release|x64
		{8A697468-FED8-4719-A575-71225085EFAF}.Release|x64.Build.0 = Release|x64
		{C0CC289B-C400-45D7-9E56-CA1FC935163C}.Debug|Any CPU.ActiveCfg = Debug|Any CPU
		{C0CC289B-C400-45D7-9E56-CA1FC935163C}.Debug|Any CPU.Build.0 = Debug|Any CPU
		{C0CC289B-C400-45D7-9E56-CA1FC935163C}.Debug|x64.ActiveCfg = Debug|x64
		{C0CC289B-C400-45D7-9E56-CA1FC935163C}.Debug|x64.Build.0 = Debug|x64
		{C0CC289B-C400-45D7-9E56-CA1FC935163C}.Release|Any CPU.ActiveCfg = Release|Any CPU
		{C0CC289B-C400-45D7-9E56-CA1FC935163C}.Release|Any CPU.Build.0 = Release|Any CPU
		{C0CC289B-C400-45D7-9E56-CA1FC935163C}.Release|x64.ActiveCfg = Release|Any CPU
		{C0CC289B-C400-45D7-9E56-CA1FC935163C}.Release|x64.Build.0 = Release|Any CPU
		{952D1405-BBD5-452C-9D85-E64CAB7BB48E}.Debug|Any CPU.ActiveCfg = Debug|x64
		{952D1405-BBD5-452C-9D85-E64CAB7BB48E}.Debug|Any CPU.Build.0 = Debug|x64
		{952D1405-BBD5-452C-9D85-E64CAB7BB48E}.Debug|x64.ActiveCfg = Debug|x64
		{952D1405-BBD5-452C-9D85-E64CAB7BB48E}.Debug|x64.Build.0 = Debug|x64
		{952D1405-BBD5-452C-9D85-E64CAB7BB48E}.Release|Any CPU.ActiveCfg = Release|x64
		{952D1405-BBD5-452C-9D85-E64CAB7BB48E}.Release|Any CPU.Build.0 = Release|x64
		{952D1405-BBD5-452C-9D85-E64CAB7BB48E}.Release|x64.ActiveCfg = Release|x64
		{952D1405-BBD5-452C-9D85-E64CAB7BB48E}.Release|x64.Build.0 = Release|x64
		{F16A1E33-5EA8-43B5-B7BE-89957A78F2E3}.Debug|Any CPU.ActiveCfg = Debug|Any CPU
		{F16A1E33-5EA8-43B5-B7BE-89957A78F2E3}.Debug|Any CPU.Build.0 = Debug|Any CPU
		{F16A1E33-5EA8-43B5-B7BE-89957A78F2E3}.Debug|x64.ActiveCfg = Debug|x64
		{F16A1E33-5EA8-43B5-B7BE-89957A78F2E3}.Debug|x64.Build.0 = Debug|x64
		{F16A1E33-5EA8-43B5-B7BE-89957A78F2E3}.Release|Any CPU.ActiveCfg = Release|Any CPU
		{F16A1E33-5EA8-43B5-B7BE-89957A78F2E3}.Release|Any CPU.Build.0 = Release|Any CPU
		{F16A1E33-5EA8-43B5-B7BE-89957A78F2E3}.Release|x64.ActiveCfg = Release|Any CPU
		{F16A1E33-5EA8-43B5-B7BE-89957A78F2E3}.Release|x64.Build.0 = Release|Any CPU
		{9FB8444A-8C42-4E63-A0E7-C77CA4E902E4}.Debug|Any CPU.ActiveCfg = Debug|Any CPU
		{9FB8444A-8C42-4E63-A0E7-C77CA4E902E4}.Debug|Any CPU.Build.0 = Debug|Any CPU
		{9FB8444A-8C42-4E63-A0E7-C77CA4E902E4}.Debug|x64.ActiveCfg = Debug|x64
		{9FB8444A-8C42-4E63-A0E7-C77CA4E902E4}.Debug|x64.Build.0 = Debug|x64
		{9FB8444A-8C42-4E63-A0E7-C77CA4E902E4}.Release|Any CPU.ActiveCfg = Release|Any CPU
		{9FB8444A-8C42-4E63-A0E7-C77CA4E902E4}.Release|Any CPU.Build.0 = Release|Any CPU
		{9FB8444A-8C42-4E63-A0E7-C77CA4E902E4}.Release|x64.ActiveCfg = Release|Any CPU
		{9FB8444A-8C42-4E63-A0E7-C77CA4E902E4}.Release|x64.Build.0 = Release|Any CPU
	EndGlobalSection
	GlobalSection(SolutionProperties) = preSolution
		HideSolutionNode = FALSE
	EndGlobalSection
	GlobalSection(ExtensibilityGlobals) = postSolution
		SolutionGuid = {F400DA7B-F39B-49C5-BBA6-7DBF82B3BA6E}
	EndGlobalSection
EndGlobal
